
Microsoft Visual Studio Solution File, Format Version 11.00
# Visual Studio 2010
Project("{FAE04EC0-301F-11D3-BF4B-00C04F79EFBC}") = "Assembly-CSharp", "Assembly-CSharp.csproj", "{1b438b19-8eb4-c08d-35bf-179d1a622546}"
EndProject
Project("{FAE04EC0-301F-11D3-BF4B-00C04F79EFBC}") = "Assembly-CSharp-Editor", "Assembly-CSharp-Editor.csproj", "{9bd24b79-0044-0ac8-a896-0ebb659b3ac6}"
EndProject
Global
	GlobalSection(SolutionConfigurationPlatforms) = preSolution
		Debug|Any CPU = Debug|Any CPU
	EndGlobalSection
	GlobalSection(ProjectConfigurationPlatforms) = postSolution
		{1b438b19-8eb4-c08d-35bf-179d1a622546}.Debug|Any CPU.ActiveCfg = Debug|Any CPU
		{1b438b19-8eb4-c08d-35bf-179d1a622546}.Debug|Any CPU.Build.0 = Debug|Any CPU
		{9bd24b79-0044-0ac8-a896-0ebb659b3ac6}.Debug|Any CPU.ActiveCfg = Debug|Any CPU
		{9bd24b79-0044-0ac8-a896-0ebb659b3ac6}.Debug|Any CPU.Build.0 = Debug|Any CPU
	EndGlobalSection
	GlobalSection(SolutionProperties) = preSolution
		HideSolutionNode = FALSE
	EndGlobalSection
EndGlobal
